
Microsoft Visual Studio Solution File, Format Version 12.00
# Visual Studio 2013
VisualStudioVersion = 12.0.21005.1
MinimumVisualStudioVersion = 10.0.40219.1
Project("{FAE04EC0-301F-11D3-BF4B-00C04F79EFBC}") = "AppKTX", "AppKTX\AppKTX.csproj", "{ED971D5B-723B-48ED-A837-C03C49008609}"
EndProject
Project("{FAE04EC0-301F-11D3-BF4B-00C04F79EFBC}") = "LibKtx", "LibKtx\LibKtx.csproj", "{38BDC6C8-96F4-499D-907B-5ABE234099ED}"
EndProject
Global
	GlobalSection(SolutionConfigurationPlatforms) = preSolution
		Debug|Any CPU = Debug|Any CPU
		Release|Any CPU = Release|Any CPU
	EndGlobalSection
	GlobalSection(ProjectConfigurationPlatforms) = postSolution
		{ED971D5B-723B-48ED-A837-C03C49008609}.Debug|Any CPU.ActiveCfg = Debug|Any CPU
		{ED971D5B-723B-48ED-A837-C03C49008609}.Debug|Any CPU.Build.0 = Debug|Any CPU
		{ED971D5B-723B-48ED-A837-C03C49008609}.Release|Any CPU.ActiveCfg = Release|Any CPU
		{ED971D5B-723B-48ED-A837-C03C49008609}.Release|Any CPU.Build.0 = Release|Any CPU
		{38BDC6C8-96F4-499D-907B-5ABE234099ED}.Debug|Any CPU.ActiveCfg = Debug|Any CPU
		{38BDC6C8-96F4-499D-907B-5ABE234099ED}.Debug|Any CPU.Build.0 = Debug|Any CPU
		{38BDC6C8-96F4-499D-907B-5ABE234099ED}.Release|Any CPU.ActiveCfg = Release|Any CPU
		{38BDC6C8-96F4-499D-907B-5ABE234099ED}.Release|Any CPU.Build.0 = Release|Any CPU
	EndGlobalSection
	GlobalSection(SolutionProperties) = preSolution
		HideSolutionNode = FALSE
	EndGlobalSection
EndGlobal
