
Microsoft Visual Studio Solution File, Format Version 12.00
# Visual Studio Version 16
VisualStudioVersion = 16.0.30621.155
MinimumVisualStudioVersion = 10.0.40219.1
Project("{FAE04EC0-301F-11D3-BF4B-00C04F79EFBC}") = "AppQuanLyKiTucXa", "AppQuanLyKiTucXa\AppQuanLyKiTucXa.csproj", "{46EBDDBC-7A72-4387-9681-08AACE775783}"
EndProject
Global
	GlobalSection(SolutionConfigurationPlatforms) = preSolution
		Debug|Any CPU = Debug|Any CPU
		Release|Any CPU = Release|Any CPU
	EndGlobalSection
	GlobalSection(ProjectConfigurationPlatforms) = postSolution
		{46EBDDBC-7A72-4387-9681-08AACE775783}.Debug|Any CPU.ActiveCfg = Debug|Any CPU
		{46EBDDBC-7A72-4387-9681-08AACE775783}.Debug|Any CPU.Build.0 = Debug|Any CPU
		{46EBDDBC-7A72-4387-9681-08AACE775783}.Release|Any CPU.ActiveCfg = Release|Any CPU
		{46EBDDBC-7A72-4387-9681-08AACE775783}.Release|Any CPU.Build.0 = Release|Any CPU
	EndGlobalSection
	GlobalSection(SolutionProperties) = preSolution
		HideSolutionNode = FALSE
	EndGlobalSection
	GlobalSection(ExtensibilityGlobals) = postSolution
		SolutionGuid = {E1D7A855-1598-4864-BDF2-CF82A2FC3DBF}
	EndGlobalSection
EndGlobal
